
Microsoft Visual Studio Solution File, Format Version 12.00
# Visual Studio Version 17
VisualStudioVersion = 17.3.32922.545
MinimumVisualStudioVersion = 10.0.40219.1
Project("{9A19103F-16F7-4668-BE54-9A1E7A4F7556}") = "OthelloGameConsoleApp", "OthelloGame\OthelloGameConsoleApp.csproj", "{D090C668-F0A9-4002-9CD4-A420EB046951}"
EndProject
Project("{9A19103F-16F7-4668-BE54-9A1E7A4F7556}") = "MenuSystem", "MenuSystem\MenuSystem.csproj", "{DA240506-2BC0-4622-9397-62AEE036D39D}"
EndProject
Project("{9A19103F-16F7-4668-BE54-9A1E7A4F7556}") = "OthelloGameBrain", "OthelloGameBrain\OthelloGameBrain.csproj", "{4A042C99-4119-4ABB-9CCA-3E5F52E67BAC}"
EndProject
Project("{2150E333-8FDC-42A3-9474-1A3956D46DE8}") = "Solution Items", "Solution Items", "{29841C59-587C-4F33-B3AC-158373024FBF}"
	ProjectSection(SolutionItems) = preProject
		TODOs.txt = TODOs.txt
	EndProjectSection
EndProject
Project("{FAE04EC0-301F-11D3-BF4B-00C04F79EFBC}") = "DAL", "DAL\DAL.csproj", "{5309ACEF-FAF5-4E48-8F08-A8A3D0F094AB}"
EndProject
Project("{FAE04EC0-301F-11D3-BF4B-00C04F79EFBC}") = "DAL.FileSystem", "DAL.FileSystem\DAL.FileSystem.csproj", "{658E208C-A5E2-4F7E-8921-BA0B79F08AD2}"
EndProject
Project("{FAE04EC0-301F-11D3-BF4B-00C04F79EFBC}") = "Domain", "Domain\Domain.csproj", "{8D33CED7-92CB-4FE6-B799-C05F16B4EB07}"
EndProject
Global
	GlobalSection(SolutionConfigurationPlatforms) = preSolution
		Debug|Any CPU = Debug|Any CPU
		Release|Any CPU = Release|Any CPU
	EndGlobalSection
	GlobalSection(ProjectConfigurationPlatforms) = postSolution
		{D090C668-F0A9-4002-9CD4-A420EB046951}.Debug|Any CPU.ActiveCfg = Debug|Any CPU
		{D090C668-F0A9-4002-9CD4-A420EB046951}.Debug|Any CPU.Build.0 = Debug|Any CPU
		{D090C668-F0A9-4002-9CD4-A420EB046951}.Release|Any CPU.ActiveCfg = Release|Any CPU
		{D090C668-F0A9-4002-9CD4-A420EB046951}.Release|Any CPU.Build.0 = Release|Any CPU
		{DA240506-2BC0-4622-9397-62AEE036D39D}.Debug|Any CPU.ActiveCfg = Debug|Any CPU
		{DA240506-2BC0-4622-9397-62AEE036D39D}.Debug|Any CPU.Build.0 = Debug|Any CPU
		{DA240506-2BC0-4622-9397-62AEE036D39D}.Release|Any CPU.ActiveCfg = Release|Any CPU
		{DA240506-2BC0-4622-9397-62AEE036D39D}.Release|Any CPU.Build.0 = Release|Any CPU
		{4A042C99-4119-4ABB-9CCA-3E5F52E67BAC}.Debug|Any CPU.ActiveCfg = Debug|Any CPU
		{4A042C99-4119-4ABB-9CCA-3E5F52E67BAC}.Debug|Any CPU.Build.0 = Debug|Any CPU
		{4A042C99-4119-4ABB-9CCA-3E5F52E67BAC}.Release|Any CPU.ActiveCfg = Release|Any CPU
		{4A042C99-4119-4ABB-9CCA-3E5F52E67BAC}.Release|Any CPU.Build.0 = Release|Any CPU
		{5309ACEF-FAF5-4E48-8F08-A8A3D0F094AB}.Debug|Any CPU.ActiveCfg = Debug|Any CPU
		{5309ACEF-FAF5-4E48-8F08-A8A3D0F094AB}.Debug|Any CPU.Build.0 = Debug|Any CPU
		{5309ACEF-FAF5-4E48-8F08-A8A3D0F094AB}.Release|Any CPU.ActiveCfg = Release|Any CPU
		{5309ACEF-FAF5-4E48-8F08-A8A3D0F094AB}.Release|Any CPU.Build.0 = Release|Any CPU
		{658E208C-A5E2-4F7E-8921-BA0B79F08AD2}.Debug|Any CPU.ActiveCfg = Debug|Any CPU
		{658E208C-A5E2-4F7E-8921-BA0B79F08AD2}.Debug|Any CPU.Build.0 = Debug|Any CPU
		{658E208C-A5E2-4F7E-8921-BA0B79F08AD2}.Release|Any CPU.ActiveCfg = Release|Any CPU
		{658E208C-A5E2-4F7E-8921-BA0B79F08AD2}.Release|Any CPU.Build.0 = Release|Any CPU
		{8D33CED7-92CB-4FE6-B799-C05F16B4EB07}.Debug|Any CPU.ActiveCfg = Debug|Any CPU
		{8D33CED7-92CB-4FE6-B799-C05F16B4EB07}.Debug|Any CPU.Build.0 = Debug|Any CPU
		{8D33CED7-92CB-4FE6-B799-C05F16B4EB07}.Release|Any CPU.ActiveCfg = Release|Any CPU
		{8D33CED7-92CB-4FE6-B799-C05F16B4EB07}.Release|Any CPU.Build.0 = Release|Any CPU
	EndGlobalSection
	GlobalSection(SolutionProperties) = preSolution
		HideSolutionNode = FALSE
	EndGlobalSection
	GlobalSection(ExtensibilityGlobals) = postSolution
		SolutionGuid = {CCEB6895-66C4-4873-BE4B-4967893DC1C0}
	EndGlobalSection
EndGlobal
